
Microsoft Visual Studio Solution File, Format Version 12.00
# Visual Studio Version 17
VisualStudioVersion = 17.8.34601.278
MinimumVisualStudioVersion = 10.0.40219.1
Project("{FAE04EC0-301F-11D3-BF4B-00C04F79EFBC}") = "MiddlewareExample", "MiddlewareExample\MiddlewareExample.csproj", "{B2C5A4E1-3A83-49F5-8F48-4D4A34E87823}"
EndProject
Global
	GlobalSection(SolutionConfigurationPlatforms) = preSolution
		Debug|Any CPU = Debug|Any CPU
		Release|Any CPU = Release|Any CPU
	EndGlobalSection
	GlobalSection(ProjectConfigurationPlatforms) = postSolution
		{B2C5A4E1-3A83-49F5-8F48-4D4A34E87823}.Debug|Any CPU.ActiveCfg = Debug|Any CPU
		{B2C5A4E1-3A83-49F5-8F48-4D4A34E87823}.Debug|Any CPU.Build.0 = Debug|Any CPU
		{B2C5A4E1-3A83-49F5-8F48-4D4A34E87823}.Release|Any CPU.ActiveCfg = Release|Any CPU
		{B2C5A4E1-3A83-49F5-8F48-4D4A34E87823}.Release|Any CPU.Build.0 = Release|Any CPU
	EndGlobalSection
	GlobalSection(SolutionProperties) = preSolution
		HideSolutionNode = FALSE
	EndGlobalSection
	GlobalSection(ExtensibilityGlobals) = postSolution
		SolutionGuid = {B6A86C92-2F62-40AB-8507-DDD09537FA42}
	EndGlobalSection
EndGlobal
