
Microsoft Visual Studio Solution File, Format Version 12.00
# Visual Studio Version 17
VisualStudioVersion = 17.8.34601.278
MinimumVisualStudioVersion = 10.0.40219.1
Project("{9A19103F-16F7-4668-BE54-9A1E7A4F7556}") = "CompanyEmployees", "CompanyEmployees\CompanyEmployees.csproj", "{61826C8E-B90E-4579-B9FD-0DDC16E05213}"
EndProject
Project("{9A19103F-16F7-4668-BE54-9A1E7A4F7556}") = "CompanyEmployees.Presentation", "CompanyEmployees.Presentation\CompanyEmployees.Presentation.csproj", "{A01FE378-75A4-4332-913A-DE632967762D}"
EndProject
Project("{9A19103F-16F7-4668-BE54-9A1E7A4F7556}") = "Contracts", "Contracts\Contracts.csproj", "{DD7C372E-A2A1-4985-A218-265BAD124292}"
EndProject
Project("{9A19103F-16F7-4668-BE54-9A1E7A4F7556}") = "Entities", "Entities\Entities.csproj", "{960DAB4C-7D22-4DE8-96D9-57B9AB8086F4}"
EndProject
Project("{9A19103F-16F7-4668-BE54-9A1E7A4F7556}") = "LoggerService", "LoggerService\LoggerService.csproj", "{9A90EC26-1F87-42AF-AF5F-F1A1B5C12CB9}"
EndProject
Project("{9A19103F-16F7-4668-BE54-9A1E7A4F7556}") = "Repository", "Repository\Repository.csproj", "{2FB6F82E-BDC8-4FE6-935C-14FD6AC1C763}"
EndProject
Project("{9A19103F-16F7-4668-BE54-9A1E7A4F7556}") = "Service", "Service\Service.csproj", "{3E219267-34AF-4933-A9E5-36F7EB31DF51}"
EndProject
Project("{9A19103F-16F7-4668-BE54-9A1E7A4F7556}") = "Service.Contracts", "Service.Contracts\Service.Contracts.csproj", "{3FF8B5FD-5A94-400F-B201-468759EC3C03}"
EndProject
Project("{9A19103F-16F7-4668-BE54-9A1E7A4F7556}") = "Shared", "Shared\Shared.csproj", "{79D93599-214B-4256-9827-44F840A03757}"
EndProject
Global
	GlobalSection(SolutionConfigurationPlatforms) = preSolution
		Debug|Any CPU = Debug|Any CPU
		Release|Any CPU = Release|Any CPU
	EndGlobalSection
	GlobalSection(ProjectConfigurationPlatforms) = postSolution
		{61826C8E-B90E-4579-B9FD-0DDC16E05213}.Debug|Any CPU.ActiveCfg = Debug|Any CPU
		{61826C8E-B90E-4579-B9FD-0DDC16E05213}.Debug|Any CPU.Build.0 = Debug|Any CPU
		{61826C8E-B90E-4579-B9FD-0DDC16E05213}.Release|Any CPU.ActiveCfg = Release|Any CPU
		{61826C8E-B90E-4579-B9FD-0DDC16E05213}.Release|Any CPU.Build.0 = Release|Any CPU
		{A01FE378-75A4-4332-913A-DE632967762D}.Debug|Any CPU.ActiveCfg = Debug|Any CPU
		{A01FE378-75A4-4332-913A-DE632967762D}.Debug|Any CPU.Build.0 = Debug|Any CPU
		{A01FE378-75A4-4332-913A-DE632967762D}.Release|Any CPU.ActiveCfg = Release|Any CPU
		{A01FE378-75A4-4332-913A-DE632967762D}.Release|Any CPU.Build.0 = Release|Any CPU
		{DD7C372E-A2A1-4985-A218-265BAD124292}.Debug|Any CPU.ActiveCfg = Debug|Any CPU
		{DD7C372E-A2A1-4985-A218-265BAD124292}.Debug|Any CPU.Build.0 = Debug|Any CPU
		{DD7C372E-A2A1-4985-A218-265BAD124292}.Release|Any CPU.ActiveCfg = Release|Any CPU
		{DD7C372E-A2A1-4985-A218-265BAD124292}.Release|Any CPU.Build.0 = Release|Any CPU
		{960DAB4C-7D22-4DE8-96D9-57B9AB8086F4}.Debug|Any CPU.ActiveCfg = Debug|Any CPU
		{960DAB4C-7D22-4DE8-96D9-57B9AB8086F4}.Debug|Any CPU.Build.0 = Debug|Any CPU
		{960DAB4C-7D22-4DE8-96D9-57B9AB8086F4}.Release|Any CPU.ActiveCfg = Release|Any CPU
		{960DAB4C-7D22-4DE8-96D9-57B9AB8086F4}.Release|Any CPU.Build.0 = Release|Any CPU
		{9A90EC26-1F87-42AF-AF5F-F1A1B5C12CB9}.Debug|Any CPU.ActiveCfg = Debug|Any CPU
		{9A90EC26-1F87-42AF-AF5F-F1A1B5C12CB9}.Debug|Any CPU.Build.0 = Debug|Any CPU
		{9A90EC26-1F87-42AF-AF5F-F1A1B5C12CB9}.Release|Any CPU.ActiveCfg = Release|Any CPU
		{9A90EC26-1F87-42AF-AF5F-F1A1B5C12CB9}.Release|Any CPU.Build.0 = Release|Any CPU
		{2FB6F82E-BDC8-4FE6-935C-14FD6AC1C763}.Debug|Any CPU.ActiveCfg = Debug|Any CPU
		{2FB6F82E-BDC8-4FE6-935C-14FD6AC1C763}.Debug|Any CPU.Build.0 = Debug|Any CPU
		{2FB6F82E-BDC8-4FE6-935C-14FD6AC1C763}.Release|Any CPU.ActiveCfg = Release|Any CPU
		{2FB6F82E-BDC8-4FE6-935C-14FD6AC1C763}.Release|Any CPU.Build.0 = Release|Any CPU
		{3E219267-34AF-4933-A9E5-36F7EB31DF51}.Debug|Any CPU.ActiveCfg = Debug|Any CPU
		{3E219267-34AF-4933-A9E5-36F7EB31DF51}.Debug|Any CPU.Build.0 = Debug|Any CPU
		{3E219267-34AF-4933-A9E5-36F7EB31DF51}.Release|Any CPU.ActiveCfg = Release|Any CPU
		{3E219267-34AF-4933-A9E5-36F7EB31DF51}.Release|Any CPU.Build.0 = Release|Any CPU
		{3FF8B5FD-5A94-400F-B201-468759EC3C03}.Debug|Any CPU.ActiveCfg = Debug|Any CPU
		{3FF8B5FD-5A94-400F-B201-468759EC3C03}.Debug|Any CPU.Build.0 = Debug|Any CPU
		{3FF8B5FD-5A94-400F-B201-468759EC3C03}.Release|Any CPU.ActiveCfg = Release|Any CPU
		{3FF8B5FD-5A94-400F-B201-468759EC3C03}.Release|Any CPU.Build.0 = Release|Any CPU
		{79D93599-214B-4256-9827-44F840A03757}.Debug|Any CPU.ActiveCfg = Debug|Any CPU
		{79D93599-214B-4256-9827-44F840A03757}.Debug|Any CPU.Build.0 = Debug|Any CPU
		{79D93599-214B-4256-9827-44F840A03757}.Release|Any CPU.ActiveCfg = Release|Any CPU
		{79D93599-214B-4256-9827-44F840A03757}.Release|Any CPU.Build.0 = Release|Any CPU
	EndGlobalSection
	GlobalSection(SolutionProperties) = preSolution
		HideSolutionNode = FALSE
	EndGlobalSection
	GlobalSection(ExtensibilityGlobals) = postSolution
		SolutionGuid = {05B69715-55D0-478A-98E1-9BDC42DEDD31}
	EndGlobalSection
EndGlobal
