
Microsoft Visual Studio Solution File, Format Version 12.00
# Visual Studio Version 17
VisualStudioVersion = 17.8.34601.278
MinimumVisualStudioVersion = 10.0.40219.1
Project("{FAE04EC0-301F-11D3-BF4B-00C04F79EFBC}") = "Contracts", "Contracts\Contracts.csproj", "{9B885F1E-4FBA-49CC-94F3-089D76EF7EC0}"
EndProject
Global
	GlobalSection(SolutionConfigurationPlatforms) = preSolution
		Debug|Any CPU = Debug|Any CPU
		Release|Any CPU = Release|Any CPU
	EndGlobalSection
	GlobalSection(ProjectConfigurationPlatforms) = postSolution
		{9B885F1E-4FBA-49CC-94F3-089D76EF7EC0}.Debug|Any CPU.ActiveCfg = Debug|Any CPU
		{9B885F1E-4FBA-49CC-94F3-089D76EF7EC0}.Debug|Any CPU.Build.0 = Debug|Any CPU
		{9B885F1E-4FBA-49CC-94F3-089D76EF7EC0}.Release|Any CPU.ActiveCfg = Release|Any CPU
		{9B885F1E-4FBA-49CC-94F3-089D76EF7EC0}.Release|Any CPU.Build.0 = Release|Any CPU
	EndGlobalSection
	GlobalSection(SolutionProperties) = preSolution
		HideSolutionNode = FALSE
	EndGlobalSection
	GlobalSection(ExtensibilityGlobals) = postSolution
		SolutionGuid = {4010E68D-9F28-44EC-A1AF-FC38D4361CDC}
	EndGlobalSection
EndGlobal
